// !$*UTF8*$!
{
	archiveVersion = 1;
	classes = {
	};
	objectVersion = 46;
	objects = {

/* Begin PBXBuildFile section */
		A50912FA171C5249002972CB /* NSMutableArray+Apexlearn.m in Sources */ = {isa = PBXBuildFile; fileRef = A50912F9171C5249002972CB /* NSMutableArray+Apexlearn.m */; };
		A50912FC171E7015002972CB /* NumberDefinitions.plist in Resources */ = {isa = PBXBuildFile; fileRef = A50912FB171E7015002972CB /* NumberDefinitions.plist */; };
		A5091362171E72D4002972CB /* 0.mp3 in Resources */ = {isa = PBXBuildFile; fileRef = A50912FE171E72D4002972CB /* 0.mp3 */; };
		A5091363171E72D4002972CB /* 1.mp3 in Resources */ = {isa = PBXBuildFile; fileRef = A50912FF171E72D4002972CB /* 1.mp3 */; };
		A5091364171E72D4002972CB /* 10.mp3 in Resources */ = {isa = PBXBuildFile; fileRef = A5091300171E72D4002972CB /* 10.mp3 */; };
		A5091365171E72D4002972CB /* 11.mp3 in Resources */ = {isa = PBXBuildFile; fileRef = A5091301171E72D4002972CB /* 11.mp3 */; };
		A5091366171E72D4002972CB /* 12.mp3 in Resources */ = {isa = PBXBuildFile; fileRef = A5091302171E72D4002972CB /* 12.mp3 */; };
		A5091367171E72D4002972CB /* 13.mp3 in Resources */ = {isa = PBXBuildFile; fileRef = A5091303171E72D4002972CB /* 13.mp3 */; };
		A5091368171E72D4002972CB /* 14.mp3 in Resources */ = {isa = PBXBuildFile; fileRef = A5091304171E72D4002972CB /* 14.mp3 */; };
		A5091369171E72D4002972CB /* 15.mp3 in Resources */ = {isa = PBXBuildFile; fileRef = A5091305171E72D4002972CB /* 15.mp3 */; };
		A509136A171E72D4002972CB /* 16.mp3 in Resources */ = {isa = PBXBuildFile; fileRef = A5091306171E72D4002972CB /* 16.mp3 */; };
		A509136B171E72D4002972CB /* 17.mp3 in Resources */ = {isa = PBXBuildFile; fileRef = A5091307171E72D4002972CB /* 17.mp3 */; };
		A509136C171E72D4002972CB /* 18.mp3 in Resources */ = {isa = PBXBuildFile; fileRef = A5091308171E72D4002972CB /* 18.mp3 */; };
		A509136D171E72D4002972CB /* 19.mp3 in Resources */ = {isa = PBXBuildFile; fileRef = A5091309171E72D4002972CB /* 19.mp3 */; };
		A509136E171E72D4002972CB /* 2.mp3 in Resources */ = {isa = PBXBuildFile; fileRef = A509130A171E72D4002972CB /* 2.mp3 */; };
		A509136F171E72D4002972CB /* 20.mp3 in Resources */ = {isa = PBXBuildFile; fileRef = A509130B171E72D4002972CB /* 20.mp3 */; };
		A5091370171E72D4002972CB /* 21.mp3 in Resources */ = {isa = PBXBuildFile; fileRef = A509130C171E72D4002972CB /* 21.mp3 */; };
		A5091371171E72D4002972CB /* 22.mp3 in Resources */ = {isa = PBXBuildFile; fileRef = A509130D171E72D4002972CB /* 22.mp3 */; };
		A5091372171E72D4002972CB /* 23.mp3 in Resources */ = {isa = PBXBuildFile; fileRef = A509130E171E72D4002972CB /* 23.mp3 */; };
		A5091373171E72D4002972CB /* 24.mp3 in Resources */ = {isa = PBXBuildFile; fileRef = A509130F171E72D4002972CB /* 24.mp3 */; };
		A5091374171E72D4002972CB /* 25.mp3 in Resources */ = {isa = PBXBuildFile; fileRef = A5091310171E72D4002972CB /* 25.mp3 */; };
		A5091375171E72D4002972CB /* 26.mp3 in Resources */ = {isa = PBXBuildFile; fileRef = A5091311171E72D4002972CB /* 26.mp3 */; };
		A5091376171E72D4002972CB /* 27.mp3 in Resources */ = {isa = PBXBuildFile; fileRef = A5091312171E72D4002972CB /* 27.mp3 */; };
		A5091377171E72D4002972CB /* 28.mp3 in Resources */ = {isa = PBXBuildFile; fileRef = A5091313171E72D4002972CB /* 28.mp3 */; };
		A5091378171E72D4002972CB /* 29.mp3 in Resources */ = {isa = PBXBuildFile; fileRef = A5091314171E72D4002972CB /* 29.mp3 */; };
		A5091379171E72D4002972CB /* 3.mp3 in Resources */ = {isa = PBXBuildFile; fileRef = A5091315171E72D4002972CB /* 3.mp3 */; };
		A509137A171E72D4002972CB /* 30.mp3 in Resources */ = {isa = PBXBuildFile; fileRef = A5091316171E72D4002972CB /* 30.mp3 */; };
		A509137B171E72D4002972CB /* 31.mp3 in Resources */ = {isa = PBXBuildFile; fileRef = A5091317171E72D4002972CB /* 31.mp3 */; };
		A509137C171E72D4002972CB /* 32.mp3 in Resources */ = {isa = PBXBuildFile; fileRef = A5091318171E72D4002972CB /* 32.mp3 */; };
		A509137D171E72D4002972CB /* 33.mp3 in Resources */ = {isa = PBXBuildFile; fileRef = A5091319171E72D4002972CB /* 33.mp3 */; };
		A509137E171E72D4002972CB /* 34.mp3 in Resources */ = {isa = PBXBuildFile; fileRef = A509131A171E72D4002972CB /* 34.mp3 */; };
		A509137F171E72D4002972CB /* 35.mp3 in Resources */ = {isa = PBXBuildFile; fileRef = A509131B171E72D4002972CB /* 35.mp3 */; };
		A5091380171E72D4002972CB /* 36.mp3 in Resources */ = {isa = PBXBuildFile; fileRef = A509131C171E72D4002972CB /* 36.mp3 */; };
		A5091381171E72D4002972CB /* 37.mp3 in Resources */ = {isa = PBXBuildFile; fileRef = A509131D171E72D4002972CB /* 37.mp3 */; };
		A5091382171E72D4002972CB /* 38.mp3 in Resources */ = {isa = PBXBuildFile; fileRef = A509131E171E72D4002972CB /* 38.mp3 */; };
		A5091383171E72D4002972CB /* 39.mp3 in Resources */ = {isa = PBXBuildFile; fileRef = A509131F171E72D4002972CB /* 39.mp3 */; };
		A5091384171E72D4002972CB /* 4.mp3 in Resources */ = {isa = PBXBuildFile; fileRef = A5091320171E72D4002972CB /* 4.mp3 */; };
		A5091385171E72D4002972CB /* 40.mp3 in Resources */ = {isa = PBXBuildFile; fileRef = A5091321171E72D4002972CB /* 40.mp3 */; };
		A5091386171E72D4002972CB /* 41.mp3 in Resources */ = {isa = PBXBuildFile; fileRef = A5091322171E72D4002972CB /* 41.mp3 */; };
		A5091387171E72D4002972CB /* 42.mp3 in Resources */ = {isa = PBXBuildFile; fileRef = A5091323171E72D4002972CB /* 42.mp3 */; };
		A5091388171E72D4002972CB /* 43.mp3 in Resources */ = {isa = PBXBuildFile; fileRef = A5091324171E72D4002972CB /* 43.mp3 */; };
		A5091389171E72D4002972CB /* 44.mp3 in Resources */ = {isa = PBXBuildFile; fileRef = A5091325171E72D4002972CB /* 44.mp3 */; };
		A509138A171E72D4002972CB /* 45.mp3 in Resources */ = {isa = PBXBuildFile; fileRef = A5091326171E72D4002972CB /* 45.mp3 */; };
		A509138B171E72D4002972CB /* 46.mp3 in Resources */ = {isa = PBXBuildFile; fileRef = A5091327171E72D4002972CB /* 46.mp3 */; };
		A509138C171E72D4002972CB /* 47.mp3 in Resources */ = {isa = PBXBuildFile; fileRef = A5091328171E72D4002972CB /* 47.mp3 */; };
		A509138D171E72D4002972CB /* 48.mp3 in Resources */ = {isa = PBXBuildFile; fileRef = A5091329171E72D4002972CB /* 48.mp3 */; };
		A509138E171E72D4002972CB /* 49.mp3 in Resources */ = {isa = PBXBuildFile; fileRef = A509132A171E72D4002972CB /* 49.mp3 */; };
		A509138F171E72D4002972CB /* 5.mp3 in Resources */ = {isa = PBXBuildFile; fileRef = A509132B171E72D4002972CB /* 5.mp3 */; };
		A5091390171E72D4002972CB /* 50.mp3 in Resources */ = {isa = PBXBuildFile; fileRef = A509132C171E72D4002972CB /* 50.mp3 */; };
		A5091391171E72D4002972CB /* 51.mp3 in Resources */ = {isa = PBXBuildFile; fileRef = A509132D171E72D4002972CB /* 51.mp3 */; };
		A5091392171E72D4002972CB /* 52.mp3 in Resources */ = {isa = PBXBuildFile; fileRef = A509132E171E72D4002972CB /* 52.mp3 */; };
		A5091393171E72D4002972CB /* 53.mp3 in Resources */ = {isa = PBXBuildFile; fileRef = A509132F171E72D4002972CB /* 53.mp3 */; };
		A5091394171E72D4002972CB /* 54.mp3 in Resources */ = {isa = PBXBuildFile; fileRef = A5091330171E72D4002972CB /* 54.mp3 */; };
		A5091395171E72D4002972CB /* 55.mp3 in Resources */ = {isa = PBXBuildFile; fileRef = A5091331171E72D4002972CB /* 55.mp3 */; };
		A5091396171E72D4002972CB /* 56.mp3 in Resources */ = {isa = PBXBuildFile; fileRef = A5091332171E72D4002972CB /* 56.mp3 */; };
		A5091397171E72D4002972CB /* 57.mp3 in Resources */ = {isa = PBXBuildFile; fileRef = A5091333171E72D4002972CB /* 57.mp3 */; };
		A5091398171E72D4002972CB /* 58.mp3 in Resources */ = {isa = PBXBuildFile; fileRef = A5091334171E72D4002972CB /* 58.mp3 */; };
		A5091399171E72D4002972CB /* 59.mp3 in Resources */ = {isa = PBXBuildFile; fileRef = A5091335171E72D4002972CB /* 59.mp3 */; };
		A509139A171E72D4002972CB /* 6.mp3 in Resources */ = {isa = PBXBuildFile; fileRef = A5091336171E72D4002972CB /* 6.mp3 */; };
		A509139B171E72D4002972CB /* 60.mp3 in Resources */ = {isa = PBXBuildFile; fileRef = A5091337171E72D4002972CB /* 60.mp3 */; };
		A509139C171E72D4002972CB /* 61.mp3 in Resources */ = {isa = PBXBuildFile; fileRef = A5091338171E72D4002972CB /* 61.mp3 */; };
		A509139D171E72D4002972CB /* 62.mp3 in Resources */ = {isa = PBXBuildFile; fileRef = A5091339171E72D4002972CB /* 62.mp3 */; };
		A509139E171E72D4002972CB /* 63.mp3 in Resources */ = {isa = PBXBuildFile; fileRef = A509133A171E72D4002972CB /* 63.mp3 */; };
		A509139F171E72D4002972CB /* 64.mp3 in Resources */ = {isa = PBXBuildFile; fileRef = A509133B171E72D4002972CB /* 64.mp3 */; };
		A50913A0171E72D4002972CB /* 65.mp3 in Resources */ = {isa = PBXBuildFile; fileRef = A509133C171E72D4002972CB /* 65.mp3 */; };
		A50913A1171E72D4002972CB /* 66.mp3 in Resources */ = {isa = PBXBuildFile; fileRef = A509133D171E72D4002972CB /* 66.mp3 */; };
		A50913A2171E72D4002972CB /* 67.mp3 in Resources */ = {isa = PBXBuildFile; fileRef = A509133E171E72D4002972CB /* 67.mp3 */; };
		A50913A3171E72D4002972CB /* 68.mp3 in Resources */ = {isa = PBXBuildFile; fileRef = A509133F171E72D4002972CB /* 68.mp3 */; };
		A50913A4171E72D4002972CB /* 69.mp3 in Resources */ = {isa = PBXBuildFile; fileRef = A5091340171E72D4002972CB /* 69.mp3 */; };
		A50913A5171E72D4002972CB /* 7.mp3 in Resources */ = {isa = PBXBuildFile; fileRef = A5091341171E72D4002972CB /* 7.mp3 */; };
		A50913A6171E72D4002972CB /* 70.mp3 in Resources */ = {isa = PBXBuildFile; fileRef = A5091342171E72D4002972CB /* 70.mp3 */; };
		A50913A7171E72D4002972CB /* 71.mp3 in Resources */ = {isa = PBXBuildFile; fileRef = A5091343171E72D4002972CB /* 71.mp3 */; };
		A50913A8171E72D4002972CB /* 72.mp3 in Resources */ = {isa = PBXBuildFile; fileRef = A5091344171E72D4002972CB /* 72.mp3 */; };
		A50913A9171E72D4002972CB /* 73.mp3 in Resources */ = {isa = PBXBuildFile; fileRef = A5091345171E72D4002972CB /* 73.mp3 */; };
		A50913AA171E72D4002972CB /* 74.mp3 in Resources */ = {isa = PBXBuildFile; fileRef = A5091346171E72D4002972CB /* 74.mp3 */; };
		A50913AB171E72D4002972CB /* 75.mp3 in Resources */ = {isa = PBXBuildFile; fileRef = A5091347171E72D4002972CB /* 75.mp3 */; };
		A50913AC171E72D4002972CB /* 76.mp3 in Resources */ = {isa = PBXBuildFile; fileRef = A5091348171E72D4002972CB /* 76.mp3 */; };
		A50913AD171E72D4002972CB /* 77.mp3 in Resources */ = {isa = PBXBuildFile; fileRef = A5091349171E72D4002972CB /* 77.mp3 */; };
		A50913AE171E72D4002972CB /* 78.mp3 in Resources */ = {isa = PBXBuildFile; fileRef = A509134A171E72D4002972CB /* 78.mp3 */; };
		A50913AF171E72D4002972CB /* 79.mp3 in Resources */ = {isa = PBXBuildFile; fileRef = A509134B171E72D4002972CB /* 79.mp3 */; };
		A50913B0171E72D4002972CB /* 8.mp3 in Resources */ = {isa = PBXBuildFile; fileRef = A509134C171E72D4002972CB /* 8.mp3 */; };
		A50913B1171E72D4002972CB /* 80.mp3 in Resources */ = {isa = PBXBuildFile; fileRef = A509134D171E72D4002972CB /* 80.mp3 */; };
		A50913B2171E72D4002972CB /* 81.mp3 in Resources */ = {isa = PBXBuildFile; fileRef = A509134E171E72D4002972CB /* 81.mp3 */; };
		A50913B3171E72D4002972CB /* 82.mp3 in Resources */ = {isa = PBXBuildFile; fileRef = A509134F171E72D4002972CB /* 82.mp3 */; };
		A50913B4171E72D4002972CB /* 83.mp3 in Resources */ = {isa = PBXBuildFile; fileRef = A5091350171E72D4002972CB /* 83.mp3 */; };
		A50913B5171E72D4002972CB /* 84.mp3 in Resources */ = {isa = PBXBuildFile; fileRef = A5091351171E72D4002972CB /* 84.mp3 */; };
		A50913B6171E72D4002972CB /* 85.mp3 in Resources */ = {isa = PBXBuildFile; fileRef = A5091352171E72D4002972CB /* 85.mp3 */; };
		A50913B7171E72D4002972CB /* 86.mp3 in Resources */ = {isa = PBXBuildFile; fileRef = A5091353171E72D4002972CB /* 86.mp3 */; };
		A50913B8171E72D4002972CB /* 87.mp3 in Resources */ = {isa = PBXBuildFile; fileRef = A5091354171E72D4002972CB /* 87.mp3 */; };
		A50913B9171E72D4002972CB /* 88.mp3 in Resources */ = {isa = PBXBuildFile; fileRef = A5091355171E72D4002972CB /* 88.mp3 */; };
		A50913BA171E72D4002972CB /* 89.mp3 in Resources */ = {isa = PBXBuildFile; fileRef = A5091356171E72D4002972CB /* 89.mp3 */; };
		A50913BB171E72D4002972CB /* 9.mp3 in Resources */ = {isa = PBXBuildFile; fileRef = A5091357171E72D4002972CB /* 9.mp3 */; };
		A50913BC171E72D4002972CB /* 90.mp3 in Resources */ = {isa = PBXBuildFile; fileRef = A5091358171E72D4002972CB /* 90.mp3 */; };
		A50913BD171E72D4002972CB /* 91.mp3 in Resources */ = {isa = PBXBuildFile; fileRef = A5091359171E72D4002972CB /* 91.mp3 */; };
		A50913BE171E72D4002972CB /* 92.mp3 in Resources */ = {isa = PBXBuildFile; fileRef = A509135A171E72D4002972CB /* 92.mp3 */; };
		A50913BF171E72D4002972CB /* 93.mp3 in Resources */ = {isa = PBXBuildFile; fileRef = A509135B171E72D4002972CB /* 93.mp3 */; };
		A50913C0171E72D4002972CB /* 94.mp3 in Resources */ = {isa = PBXBuildFile; fileRef = A509135C171E72D4002972CB /* 94.mp3 */; };
		A50913C1171E72D4002972CB /* 95.mp3 in Resources */ = {isa = PBXBuildFile; fileRef = A509135D171E72D4002972CB /* 95.mp3 */; };
		A50913C2171E72D4002972CB /* 96.mp3 in Resources */ = {isa = PBXBuildFile; fileRef = A509135E171E72D4002972CB /* 96.mp3 */; };
		A50913C3171E72D4002972CB /* 97.mp3 in Resources */ = {isa = PBXBuildFile; fileRef = A509135F171E72D4002972CB /* 97.mp3 */; };
		A50913C4171E72D4002972CB /* 98.mp3 in Resources */ = {isa = PBXBuildFile; fileRef = A5091360171E72D4002972CB /* 98.mp3 */; };
		A50913C5171E72D4002972CB /* 99.mp3 in Resources */ = {isa = PBXBuildFile; fileRef = A5091361171E72D4002972CB /* 99.mp3 */; };
		A50913C8171E8846002972CB /* BubbleViewController.m in Sources */ = {isa = PBXBuildFile; fileRef = A50913C7171E8846002972CB /* BubbleViewController.m */; };
		A50913CB171E885F002972CB /* BubbleView.m in Sources */ = {isa = PBXBuildFile; fileRef = A50913CA171E885E002972CB /* BubbleView.m */; };
		A516AB381716648900E67F96 /* FlagDefinitions.plist in Resources */ = {isa = PBXBuildFile; fileRef = A516AB371716648900E67F96 /* FlagDefinitions.plist */; };
		A516AB3C1716803200E67F96 /* Item.m in Sources */ = {isa = PBXBuildFile; fileRef = A516AB3B1716803200E67F96 /* Item.m */; };
		A516AB401716878100E67F96 /* StudyViewController.m in Sources */ = {isa = PBXBuildFile; fileRef = A516AB3F1716878100E67F96 /* StudyViewController.m */; };
		A516AB4C17168BB400E67F96 /* Flag_of_Argentina.png in Resources */ = {isa = PBXBuildFile; fileRef = A516AB4217168BB400E67F96 /* Flag_of_Argentina.png */; };
		A516AB4D17168BB400E67F96 /* Flag_of_Australia.png in Resources */ = {isa = PBXBuildFile; fileRef = A516AB4317168BB400E67F96 /* Flag_of_Australia.png */; };
		A516AB4E17168BB400E67F96 /* Flag_of_Brazil.png in Resources */ = {isa = PBXBuildFile; fileRef = A516AB4417168BB400E67F96 /* Flag_of_Brazil.png */; };
		A516AB4F17168BB400E67F96 /* Flag_of_Canada.png in Resources */ = {isa = PBXBuildFile; fileRef = A516AB4517168BB400E67F96 /* Flag_of_Canada.png */; };
		A516AB5017168BB400E67F96 /* Flag_of_Denmark.png in Resources */ = {isa = PBXBuildFile; fileRef = A516AB4617168BB400E67F96 /* Flag_of_Denmark.png */; };
		A516AB5117168BB400E67F96 /* Flag_of_Finland.png in Resources */ = {isa = PBXBuildFile; fileRef = A516AB4717168BB400E67F96 /* Flag_of_Finland.png */; };
		A516AB5217168BB400E67F96 /* Flag_of_France.png in Resources */ = {isa = PBXBuildFile; fileRef = A516AB4817168BB400E67F96 /* Flag_of_France.png */; };
		A516AB5317168BB400E67F96 /* Flag_of_Greece.png in Resources */ = {isa = PBXBuildFile; fileRef = A516AB4917168BB400E67F96 /* Flag_of_Greece.png */; };
		A516AB5417168BB400E67F96 /* Flag_of_Hong_Kong.png in Resources */ = {isa = PBXBuildFile; fileRef = A516AB4A17168BB400E67F96 /* Flag_of_Hong_Kong.png */; };
		A516AB5517168BB400E67F96 /* Flag_of_India.png in Resources */ = {isa = PBXBuildFile; fileRef = A516AB4B17168BB400E67F96 /* Flag_of_India.png */; };
		A516AB5717168F6500E67F96 /* AVFoundation.framework in Frameworks */ = {isa = PBXBuildFile; fileRef = A516AB5617168F6500E67F96 /* AVFoundation.framework */; };
		A516AB66171693FB00E67F96 /* ALLog.m in Sources */ = {isa = PBXBuildFile; fileRef = A516AB5A171693FB00E67F96 /* ALLog.m */; };
		A516AB67171693FB00E67F96 /* NSDate+Apexlearn.m in Sources */ = {isa = PBXBuildFile; fileRef = A516AB5F171693FB00E67F96 /* NSDate+Apexlearn.m */; };
		A516AB68171693FB00E67F96 /* NSString+Apexlearn.m in Sources */ = {isa = PBXBuildFile; fileRef = A516AB61171693FB00E67F96 /* NSString+Apexlearn.m */; };
		A516AB69171693FB00E67F96 /* NSURL+Apexlearn.m in Sources */ = {isa = PBXBuildFile; fileRef = A516AB63171693FB00E67F96 /* NSURL+Apexlearn.m */; };
		A516AB6A171693FB00E67F96 /* UIViewController+ALModal.m in Sources */ = {isa = PBXBuildFile; fileRef = A516AB65171693FB00E67F96 /* UIViewController+ALModal.m */; };
		A516AB6D17169FD200E67F96 /* ItemDetailView.m in Sources */ = {isa = PBXBuildFile; fileRef = A516AB6C17169FD200E67F96 /* ItemDetailView.m */; };
		A516AB701717B67600E67F96 /* UIImage+ptmini.m in Sources */ = {isa = PBXBuildFile; fileRef = A516AB6F1717B67600E67F96 /* UIImage+ptmini.m */; };
		A516AB731717CB1F00E67F96 /* OptionView.m in Sources */ = {isa = PBXBuildFile; fileRef = A516AB721717CB1F00E67F96 /* OptionView.m */; };
		A516AB761717E55200E67F96 /* StickerView.m in Sources */ = {isa = PBXBuildFile; fileRef = A516AB751717E55100E67F96 /* StickerView.m */; };
		A516AB791717E9AE00E67F96 /* StickerViewController.m in Sources */ = {isa = PBXBuildFile; fileRef = A516AB781717E9AD00E67F96 /* StickerViewController.m */; };
		A5B120C2171523250089A27B /* UIKit.framework in Frameworks */ = {isa = PBXBuildFile; fileRef = A5B120C1171523250089A27B /* UIKit.framework */; };
		A5B120C4171523250089A27B /* Foundation.framework in Frameworks */ = {isa = PBXBuildFile; fileRef = A5B120C3171523250089A27B /* Foundation.framework */; };
		A5B120C6171523250089A27B /* CoreGraphics.framework in Frameworks */ = {isa = PBXBuildFile; fileRef = A5B120C5171523250089A27B /* CoreGraphics.framework */; };
		A5B120C8171523250089A27B /* CoreData.framework in Frameworks */ = {isa = PBXBuildFile; fileRef = A5B120C7171523250089A27B /* CoreData.framework */; };
		A5B120CE171523250089A27B /* InfoPlist.strings in Resources */ = {isa = PBXBuildFile; fileRef = A5B120CC171523250089A27B /* InfoPlist.strings */; };
		A5B120D0171523250089A27B /* main.m in Sources */ = {isa = PBXBuildFile; fileRef = A5B120CF171523250089A27B /* main.m */; };
		A5B120D4171523250089A27B /* AppDelegate.m in Sources */ = {isa = PBXBuildFile; fileRef = A5B120D3171523250089A27B /* AppDelegate.m */; };
		A5B120D6171523250089A27B /* Default.png in Resources */ = {isa = PBXBuildFile; fileRef = A5B120D5171523250089A27B /* Default.png */; };
		A5B120D8171523250089A27B /* Default@2x.png in Resources */ = {isa = PBXBuildFile; fileRef = A5B120D7171523250089A27B /* Default@2x.png */; };
		A5B120DA171523250089A27B /* Default-568h@2x.png in Resources */ = {isa = PBXBuildFile; fileRef = A5B120D9171523250089A27B /* Default-568h@2x.png */; };
		A5B120DD171523250089A27B /* PTMiniDemo.xcdatamodeld in Sources */ = {isa = PBXBuildFile; fileRef = A5B120DB171523250089A27B /* PTMiniDemo.xcdatamodeld */; };
		A5B120E7171524620089A27B /* CatalogViewController.m in Sources */ = {isa = PBXBuildFile; fileRef = A5B120E6171524620089A27B /* CatalogViewController.m */; };
		A5B120EA171524B00089A27B /* LineLayout.m in Sources */ = {isa = PBXBuildFile; fileRef = A5B120E9171524B00089A27B /* LineLayout.m */; };
		A5B120ED171527890089A27B /* CatalogViewCell.m in Sources */ = {isa = PBXBuildFile; fileRef = A5B120EC171527890089A27B /* CatalogViewCell.m */; };
		A5B120F117152E0E0089A27B /* UIColor+ptmini.m in Sources */ = {isa = PBXBuildFile; fileRef = A5B120F017152E0E0089A27B /* UIColor+ptmini.m */; };
		A5B120F617154C970089A27B /* SyncManager.m in Sources */ = {isa = PBXBuildFile; fileRef = A5B120F517154C970089A27B /* SyncManager.m */; };
		A5B120F917154F700089A27B /* InitialDataSyncManager.m in Sources */ = {isa = PBXBuildFile; fileRef = A5B120F817154F700089A27B /* InitialDataSyncManager.m */; };
		A5B120FF171554470089A27B /* logoS.png in Resources */ = {isa = PBXBuildFile; fileRef = A5B120FB171554470089A27B /* logoS.png */; };
		A5B12100171554470089A27B /* logoS@2x.png in Resources */ = {isa = PBXBuildFile; fileRef = A5B120FC171554470089A27B /* logoS@2x.png */; };
		A5B12101171554470089A27B /* navBar.png in Resources */ = {isa = PBXBuildFile; fileRef = A5B120FD171554470089A27B /* navBar.png */; };
		A5B12102171554470089A27B /* navBar@2x.png in Resources */ = {isa = PBXBuildFile; fileRef = A5B120FE171554470089A27B /* navBar@2x.png */; };
		A5B1210517155EC40089A27B /* CatalogDefinitions.plist in Resources */ = {isa = PBXBuildFile; fileRef = A5B1210417155EC40089A27B /* CatalogDefinitions.plist */; };
		A5B121091715624E0089A27B /* Catalog.m in Sources */ = {isa = PBXBuildFile; fileRef = A5B121081715624D0089A27B /* Catalog.m */; };
/* End PBXBuildFile section */

/* Begin PBXFileReference section */
		A50912F8171C5249002972CB /* NSMutableArray+Apexlearn.h */ = {isa = PBXFileReference; fileEncoding = 4; lastKnownFileType = sourcecode.c.h; path = "NSMutableArray+Apexlearn.h"; sourceTree = "<group>"; };
		A50912F9171C5249002972CB /* NSMutableArray+Apexlearn.m */ = {isa = PBXFileReference; fileEncoding = 4; lastKnownFileType = sourcecode.c.objc; path = "NSMutableArray+Apexlearn.m"; sourceTree = "<group>"; };
		A50912FB171E7015002972CB /* NumberDefinitions.plist */ = {isa = PBXFileReference; fileEncoding = 4; lastKnownFileType = text.plist.xml; path = NumberDefinitions.plist; sourceTree = "<group>"; };
		A50912FE171E72D4002972CB /* 0.mp3 */ = {isa = PBXFileReference; lastKnownFileType = audio.mp3; path = 0.mp3; sourceTree = "<group>"; };
		A50912FF171E72D4002972CB /* 1.mp3 */ = {isa = PBXFileReference; lastKnownFileType = audio.mp3; path = 1.mp3; sourceTree = "<group>"; };
		A5091300171E72D4002972CB /* 10.mp3 */ = {isa = PBXFileReference; lastKnownFileType = audio.mp3; path = 10.mp3; sourceTree = "<group>"; };
		A5091301171E72D4002972CB /* 11.mp3 */ = {isa = PBXFileReference; lastKnownFileType = audio.mp3; path = 11.mp3; sourceTree = "<group>"; };
		A5091302171E72D4002972CB /* 12.mp3 */ = {isa = PBXFileReference; lastKnownFileType = audio.mp3; path = 12.mp3; sourceTree = "<group>"; };
		A5091303171E72D4002972CB /* 13.mp3 */ = {isa = PBXFileReference; lastKnownFileType = audio.mp3; path = 13.mp3; sourceTree = "<group>"; };
		A5091304171E72D4002972CB /* 14.mp3 */ = {isa = PBXFileReference; lastKnownFileType = audio.mp3; path = 14.mp3; sourceTree = "<group>"; };
		A5091305171E72D4002972CB /* 15.mp3 */ = {isa = PBXFileReference; lastKnownFileType = audio.mp3; path = 15.mp3; sourceTree = "<group>"; };
		A5091306171E72D4002972CB /* 16.mp3 */ = {isa = PBXFileReference; lastKnownFileType = audio.mp3; path = 16.mp3; sourceTree = "<group>"; };
		A5091307171E72D4002972CB /* 17.mp3 */ = {isa = PBXFileReference; lastKnownFileType = audio.mp3; path = 17.mp3; sourceTree = "<group>"; };
		A5091308171E72D4002972CB /* 18.mp3 */ = {isa = PBXFileReference; lastKnownFileType = audio.mp3; path = 18.mp3; sourceTree = "<group>"; };
		A5091309171E72D4002972CB /* 19.mp3 */ = {isa = PBXFileReference; lastKnownFileType = audio.mp3; path = 19.mp3; sourceTree = "<group>"; };
		A509130A171E72D4002972CB /* 2.mp3 */ = {isa = PBXFileReference; lastKnownFileType = audio.mp3; path = 2.mp3; sourceTree = "<group>"; };
		A509130B171E72D4002972CB /* 20.mp3 */ = {isa = PBXFileReference; lastKnownFileType = audio.mp3; path = 20.mp3; sourceTree = "<group>"; };
		A509130C171E72D4002972CB /* 21.mp3 */ = {isa = PBXFileReference; lastKnownFileType = audio.mp3; path = 21.mp3; sourceTree = "<group>"; };
		A509130D171E72D4002972CB /* 22.mp3 */ = {isa = PBXFileReference; lastKnownFileType = audio.mp3; path = 22.mp3; sourceTree = "<group>"; };
		A509130E171E72D4002972CB /* 23.mp3 */ = {isa = PBXFileReference; lastKnownFileType = audio.mp3; path = 23.mp3; sourceTree = "<group>"; };
		A509130F171E72D4002972CB /* 24.mp3 */ = {isa = PBXFileReference; lastKnownFileType = audio.mp3; path = 24.mp3; sourceTree = "<group>"; };
		A5091310171E72D4002972CB /* 25.mp3 */ = {isa = PBXFileReference; lastKnownFileType = audio.mp3; path = 25.mp3; sourceTree = "<group>"; };
		A5091311171E72D4002972CB /* 26.mp3 */ = {isa = PBXFileReference; lastKnownFileType = audio.mp3; path = 26.mp3; sourceTree = "<group>"; };
		A5091312171E72D4002972CB /* 27.mp3 */ = {isa = PBXFileReference; lastKnownFileType = audio.mp3; path = 27.mp3; sourceTree = "<group>"; };
		A5091313171E72D4002972CB /* 28.mp3 */ = {isa = PBXFileReference; lastKnownFileType = audio.mp3; path = 28.mp3; sourceTree = "<group>"; };
		A5091314171E72D4002972CB /* 29.mp3 */ = {isa = PBXFileReference; lastKnownFileType = audio.mp3; path = 29.mp3; sourceTree = "<group>"; };
		A5091315171E72D4002972CB /* 3.mp3 */ = {isa = PBXFileReference; lastKnownFileType = audio.mp3; path = 3.mp3; sourceTree = "<group>"; };
		A5091316171E72D4002972CB /* 30.mp3 */ = {isa = PBXFileReference; lastKnownFileType = audio.mp3; path = 30.mp3; sourceTree = "<group>"; };
		A5091317171E72D4002972CB /* 31.mp3 */ = {isa = PBXFileReference; lastKnownFileType = audio.mp3; path = 31.mp3; sourceTree = "<group>"; };
		A5091318171E72D4002972CB /* 32.mp3 */ = {isa = PBXFileReference; lastKnownFileType = audio.mp3; path = 32.mp3; sourceTree = "<group>"; };
		A5091319171E72D4002972CB /* 33.mp3 */ = {isa = PBXFileReference; lastKnownFileType = audio.mp3; path = 33.mp3; sourceTree = "<group>"; };
		A509131A171E72D4002972CB /* 34.mp3 */ = {isa = PBXFileReference; lastKnownFileType = audio.mp3; path = 34.mp3; sourceTree = "<group>"; };
		A509131B171E72D4002972CB /* 35.mp3 */ = {isa = PBXFileReference; lastKnownFileType = audio.mp3; path = 35.mp3; sourceTree = "<group>"; };
		A509131C171E72D4002972CB /* 36.mp3 */ = {isa = PBXFileReference; lastKnownFileType = audio.mp3; path = 36.mp3; sourceTree = "<group>"; };
		A509131D171E72D4002972CB /* 37.mp3 */ = {isa = PBXFileReference; lastKnownFileType = audio.mp3; path = 37.mp3; sourceTree = "<group>"; };
		A509131E171E72D4002972CB /* 38.mp3 */ = {isa = PBXFileReference; lastKnownFileType = audio.mp3; path = 38.mp3; sourceTree = "<group>"; };
		A509131F171E72D4002972CB /* 39.mp3 */ = {isa = PBXFileReference; lastKnownFileType = audio.mp3; path = 39.mp3; sourceTree = "<group>"; };
		A5091320171E72D4002972CB /* 4.mp3 */ = {isa = PBXFileReference; lastKnownFileType = audio.mp3; path = 4.mp3; sourceTree = "<group>"; };
		A5091321171E72D4002972CB /* 40.mp3 */ = {isa = PBXFileReference; lastKnownFileType = audio.mp3; path = 40.mp3; sourceTree = "<group>"; };
		A5091322171E72D4002972CB /* 41.mp3 */ = {isa = PBXFileReference; lastKnownFileType = audio.mp3; path = 41.mp3; sourceTree = "<group>"; };
		A5091323171E72D4002972CB /* 42.mp3 */ = {isa = PBXFileReference; lastKnownFileType = audio.mp3; path = 42.mp3; sourceTree = "<group>"; };
		A5091324171E72D4002972CB /* 43.mp3 */ = {isa = PBXFileReference; lastKnownFileType = audio.mp3; path = 43.mp3; sourceTree = "<group>"; };
		A5091325171E72D4002972CB /* 44.mp3 */ = {isa = PBXFileReference; lastKnownFileType = audio.mp3; path = 44.mp3; sourceTree = "<group>"; };
		A5091326171E72D4002972CB /* 45.mp3 */ = {isa = PBXFileReference; lastKnownFileType = audio.mp3; path = 45.mp3; sourceTree = "<group>"; };
		A5091327171E72D4002972CB /* 46.mp3 */ = {isa = PBXFileReference; lastKnownFileType = audio.mp3; path = 46.mp3; sourceTree = "<group>"; };
		A5091328171E72D4002972CB /* 47.mp3 */ = {isa = PBXFileReference; lastKnownFileType = audio.mp3; path = 47.mp3; sourceTree = "<group>"; };
		A5091329171E72D4002972CB /* 48.mp3 */ = {isa = PBXFileReference; lastKnownFileType = audio.mp3; path = 48.mp3; sourceTree = "<group>"; };
		A509132A171E72D4002972CB /* 49.mp3 */ = {isa = PBXFileReference; lastKnownFileType = audio.mp3; path = 49.mp3; sourceTree = "<group>"; };
		A509132B171E72D4002972CB /* 5.mp3 */ = {isa = PBXFileReference; lastKnownFileType = audio.mp3; path = 5.mp3; sourceTree = "<group>"; };
		A509132C171E72D4002972CB /* 50.mp3 */ = {isa = PBXFileReference; lastKnownFileType = audio.mp3; path = 50.mp3; sourceTree = "<group>"; };
		A509132D171E72D4002972CB /* 51.mp3 */ = {isa = PBXFileReference; lastKnownFileType = audio.mp3; path = 51.mp3; sourceTree = "<group>"; };
		A509132E171E72D4002972CB /* 52.mp3 */ = {isa = PBXFileReference; lastKnownFileType = audio.mp3; path = 52.mp3; sourceTree = "<group>"; };
		A509132F171E72D4002972CB /* 53.mp3 */ = {isa = PBXFileReference; lastKnownFileType = audio.mp3; path = 53.mp3; sourceTree = "<group>"; };
		A5091330171E72D4002972CB /* 54.mp3 */ = {isa = PBXFileReference; lastKnownFileType = audio.mp3; path = 54.mp3; sourceTree = "<group>"; };
		A5091331171E72D4002972CB /* 55.mp3 */ = {isa = PBXFileReference; lastKnownFileType = audio.mp3; path = 55.mp3; sourceTree = "<group>"; };
		A5091332171E72D4002972CB /* 56.mp3 */ = {isa = PBXFileReference; lastKnownFileType = audio.mp3; path = 56.mp3; sourceTree = "<group>"; };
		A5091333171E72D4002972CB /* 57.mp3 */ = {isa = PBXFileReference; lastKnownFileType = audio.mp3; path = 57.mp3; sourceTree = "<group>"; };
		A5091334171E72D4002972CB /* 58.mp3 */ = {isa = PBXFileReference; lastKnownFileType = audio.mp3; path = 58.mp3; sourceTree = "<group>"; };
		A5091335171E72D4002972CB /* 59.mp3 */ = {isa = PBXFileReference; lastKnownFileType = audio.mp3; path = 59.mp3; sourceTree = "<group>"; };
		A5091336171E72D4002972CB /* 6.mp3 */ = {isa = PBXFileReference; lastKnownFileType = audio.mp3; path = 6.mp3; sourceTree = "<group>"; };
		A5091337171E72D4002972CB /* 60.mp3 */ = {isa = PBXFileReference; lastKnownFileType = audio.mp3; path = 60.mp3; sourceTree = "<group>"; };
		A5091338171E72D4002972CB /* 61.mp3 */ = {isa = PBXFileReference; lastKnownFileType = audio.mp3; path = 61.mp3; sourceTree = "<group>"; };
		A5091339171E72D4002972CB /* 62.mp3 */ = {isa = PBXFileReference; lastKnownFileType = audio.mp3; path = 62.mp3; sourceTree = "<group>"; };
		A509133A171E72D4002972CB /* 63.mp3 */ = {isa = PBXFileReference; lastKnownFileType = audio.mp3; path = 63.mp3; sourceTree = "<group>"; };
		A509133B171E72D4002972CB /* 64.mp3 */ = {isa = PBXFileReference; lastKnownFileType = audio.mp3; path = 64.mp3; sourceTree = "<group>"; };
		A509133C171E72D4002972CB /* 65.mp3 */ = {isa = PBXFileReference; lastKnownFileType = audio.mp3; path = 65.mp3; sourceTree = "<group>"; };
		A509133D171E72D4002972CB /* 66.mp3 */ = {isa = PBXFileReference; lastKnownFileType = audio.mp3; path = 66.mp3; sourceTree = "<group>"; };
		A509133E171E72D4002972CB /* 67.mp3 */ = {isa = PBXFileReference; lastKnownFileType = audio.mp3; path = 67.mp3; sourceTree = "<group>"; };
		A509133F171E72D4002972CB /* 68.mp3 */ = {isa = PBXFileReference; lastKnownFileType = audio.mp3; path = 68.mp3; sourceTree = "<group>"; };
		A5091340171E72D4002972CB /* 69.mp3 */ = {isa = PBXFileReference; lastKnownFileType = audio.mp3; path = 69.mp3; sourceTree = "<group>"; };
		A5091341171E72D4002972CB /* 7.mp3 */ = {isa = PBXFileReference; lastKnownFileType = audio.mp3; path = 7.mp3; sourceTree = "<group>"; };
		A5091342171E72D4002972CB /* 70.mp3 */ = {isa = PBXFileReference; lastKnownFileType = audio.mp3; path = 70.mp3; sourceTree = "<group>"; };
		A5091343171E72D4002972CB /* 71.mp3 */ = {isa = PBXFileReference; lastKnownFileType = audio.mp3; path = 71.mp3; sourceTree = "<group>"; };
		A5091344171E72D4002972CB /* 72.mp3 */ = {isa = PBXFileReference; lastKnownFileType = audio.mp3; path = 72.mp3; sourceTree = "<group>"; };
		A5091345171E72D4002972CB /* 73.mp3 */ = {isa = PBXFileReference; lastKnownFileType = audio.mp3; path = 73.mp3; sourceTree = "<group>"; };
		A5091346171E72D4002972CB /* 74.mp3 */ = {isa = PBXFileReference; lastKnownFileType = audio.mp3; path = 74.mp3; sourceTree = "<group>"; };
		A5091347171E72D4002972CB /* 75.mp3 */ = {isa = PBXFileReference; lastKnownFileType = audio.mp3; path = 75.mp3; sourceTree = "<group>"; };
		A5091348171E72D4002972CB /* 76.mp3 */ = {isa = PBXFileReference; lastKnownFileType = audio.mp3; path = 76.mp3; sourceTree = "<group>"; };
		A5091349171E72D4002972CB /* 77.mp3 */ = {isa = PBXFileReference; lastKnownFileType = audio.mp3; path = 77.mp3; sourceTree = "<group>"; };
		A509134A171E72D4002972CB /* 78.mp3 */ = {isa = PBXFileReference; lastKnownFileType = audio.mp3; path = 78.mp3; sourceTree = "<group>"; };
		A509134B171E72D4002972CB /* 79.mp3 */ = {isa = PBXFileReference; lastKnownFileType = audio.mp3; path = 79.mp3; sourceTree = "<group>"; };
		A509134C171E72D4002972CB /* 8.mp3 */ = {isa = PBXFileReference; lastKnownFileType = audio.mp3; path = 8.mp3; sourceTree = "<group>"; };
		A509134D171E72D4002972CB /* 80.mp3 */ = {isa = PBXFileReference; lastKnownFileType = audio.mp3; path = 80.mp3; sourceTree = "<group>"; };
		A509134E171E72D4002972CB /* 81.mp3 */ = {isa = PBXFileReference; lastKnownFileType = audio.mp3; path = 81.mp3; sourceTree = "<group>"; };
		A509134F171E72D4002972CB /* 82.mp3 */ = {isa = PBXFileReference; lastKnownFileType = audio.mp3; path = 82.mp3; sourceTree = "<group>"; };
		A5091350171E72D4002972CB /* 83.mp3 */ = {isa = PBXFileReference; lastKnownFileType = audio.mp3; path = 83.mp3; sourceTree = "<group>"; };
		A5091351171E72D4002972CB /* 84.mp3 */ = {isa = PBXFileReference; lastKnownFileType = audio.mp3; path = 84.mp3; sourceTree = "<group>"; };
		A5091352171E72D4002972CB /* 85.mp3 */ = {isa = PBXFileReference; lastKnownFileType = audio.mp3; path = 85.mp3; sourceTree = "<group>"; };
		A5091353171E72D4002972CB /* 86.mp3 */ = {isa = PBXFileReference; lastKnownFileType = audio.mp3; path = 86.mp3; sourceTree = "<group>"; };
		A5091354171E72D4002972CB /* 87.mp3 */ = {isa = PBXFileReference; lastKnownFileType = audio.mp3; path = 87.mp3; sourceTree = "<group>"; };
		A5091355171E72D4002972CB /* 88.mp3 */ = {isa = PBXFileReference; lastKnownFileType = audio.mp3; path = 88.mp3; sourceTree = "<group>"; };
		A5091356171E72D4002972CB /* 89.mp3 */ = {isa = PBXFileReference; lastKnownFileType = audio.mp3; path = 89.mp3; sourceTree = "<group>"; };
		A5091357171E72D4002972CB /* 9.mp3 */ = {isa = PBXFileReference; lastKnownFileType = audio.mp3; path = 9.mp3; sourceTree = "<group>"; };
		A5091358171E72D4002972CB /* 90.mp3 */ = {isa = PBXFileReference; lastKnownFileType = audio.mp3; path = 90.mp3; sourceTree = "<group>"; };
		A5091359171E72D4002972CB /* 91.mp3 */ = {isa = PBXFileReference; lastKnownFileType = audio.mp3; path = 91.mp3; sourceTree = "<group>"; };
		A509135A171E72D4002972CB /* 92.mp3 */ = {isa = PBXFileReference; lastKnownFileType = audio.mp3; path = 92.mp3; sourceTree = "<group>"; };
		A509135B171E72D4002972CB /* 93.mp3 */ = {isa = PBXFileReference; lastKnownFileType = audio.mp3; path = 93.mp3; sourceTree = "<group>"; };
		A509135C171E72D4002972CB /* 94.mp3 */ = {isa = PBXFileReference; lastKnownFileType = audio.mp3; path = 94.mp3; sourceTree = "<group>"; };
		A509135D171E72D4002972CB /* 95.mp3 */ = {isa = PBXFileReference; lastKnownFileType = audio.mp3; path = 95.mp3; sourceTree = "<group>"; };
		A509135E171E72D4002972CB /* 96.mp3 */ = {isa = PBXFileReference; lastKnownFileType = audio.mp3; path = 96.mp3; sourceTree = "<group>"; };
		A509135F171E72D4002972CB /* 97.mp3 */ = {isa = PBXFileReference; lastKnownFileType = audio.mp3; path = 97.mp3; sourceTree = "<group>"; };
		A5091360171E72D4002972CB /* 98.mp3 */ = {isa = PBXFileReference; lastKnownFileType = audio.mp3; path = 98.mp3; sourceTree = "<group>"; };
		A5091361171E72D4002972CB /* 99.mp3 */ = {isa = PBXFileReference; lastKnownFileType = audio.mp3; path = 99.mp3; sourceTree = "<group>"; };
		A50913C6171E8845002972CB /* BubbleViewController.h */ = {isa = PBXFileReference; fileEncoding = 4; lastKnownFileType = sourcecode.c.h; path = BubbleViewController.h; sourceTree = "<group>"; };
		A50913C7171E8846002972CB /* BubbleViewController.m */ = {isa = PBXFileReference; fileEncoding = 4; lastKnownFileType = sourcecode.c.objc; path = BubbleViewController.m; sourceTree = "<group>"; };
		A50913C9171E885E002972CB /* BubbleView.h */ = {isa = PBXFileReference; fileEncoding = 4; lastKnownFileType = sourcecode.c.h; path = BubbleView.h; sourceTree = "<group>"; };
		A50913CA171E885E002972CB /* BubbleView.m */ = {isa = PBXFileReference; fileEncoding = 4; lastKnownFileType = sourcecode.c.objc; path = BubbleView.m; sourceTree = "<group>"; };
		A516AB371716648900E67F96 /* FlagDefinitions.plist */ = {isa = PBXFileReference; fileEncoding = 4; lastKnownFileType = text.plist.xml; path = FlagDefinitions.plist; sourceTree = "<group>"; };
		A516AB3917167C7300E67F96 /* PTMiniDemo-v1.xcdatamodel */ = {isa = PBXFileReference; lastKnownFileType = wrapper.xcdatamodel; path = "PTMiniDemo-v1.xcdatamodel"; sourceTree = "<group>"; };
		A516AB3A1716803200E67F96 /* Item.h */ = {isa = PBXFileReference; fileEncoding = 4; lastKnownFileType = sourcecode.c.h; path = Item.h; sourceTree = "<group>"; };
		A516AB3B1716803200E67F96 /* Item.m */ = {isa = PBXFileReference; fileEncoding = 4; lastKnownFileType = sourcecode.c.objc; path = Item.m; sourceTree = "<group>"; };
		A516AB3E1716878100E67F96 /* StudyViewController.h */ = {isa = PBXFileReference; fileEncoding = 4; lastKnownFileType = sourcecode.c.h; path = StudyViewController.h; sourceTree = "<group>"; };
		A516AB3F1716878100E67F96 /* StudyViewController.m */ = {isa = PBXFileReference; fileEncoding = 4; lastKnownFileType = sourcecode.c.objc; path = StudyViewController.m; sourceTree = "<group>"; };
		A516AB4217168BB400E67F96 /* Flag_of_Argentina.png */ = {isa = PBXFileReference; lastKnownFileType = image.png; path = Flag_of_Argentina.png; sourceTree = "<group>"; };
		A516AB4317168BB400E67F96 /* Flag_of_Australia.png */ = {isa = PBXFileReference; lastKnownFileType = image.png; path = Flag_of_Australia.png; sourceTree = "<group>"; };
		A516AB4417168BB400E67F96 /* Flag_of_Brazil.png */ = {isa = PBXFileReference; lastKnownFileType = image.png; path = Flag_of_Brazil.png; sourceTree = "<group>"; };
		A516AB4517168BB400E67F96 /* Flag_of_Canada.png */ = {isa = PBXFileReference; lastKnownFileType = image.png; path = Flag_of_Canada.png; sourceTree = "<group>"; };
		A516AB4617168BB400E67F96 /* Flag_of_Denmark.png */ = {isa = PBXFileReference; lastKnownFileType = image.png; path = Flag_of_Denmark.png; sourceTree = "<group>"; };
		A516AB4717168BB400E67F96 /* Flag_of_Finland.png */ = {isa = PBXFileReference; lastKnownFileType = image.png; path = Flag_of_Finland.png; sourceTree = "<group>"; };
		A516AB4817168BB400E67F96 /* Flag_of_France.png */ = {isa = PBXFileReference; lastKnownFileType = image.png; path = Flag_of_France.png; sourceTree = "<group>"; };
		A516AB4917168BB400E67F96 /* Flag_of_Greece.png */ = {isa = PBXFileReference; lastKnownFileType = image.png; path = Flag_of_Greece.png; sourceTree = "<group>"; };
		A516AB4A17168BB400E67F96 /* Flag_of_Hong_Kong.png */ = {isa = PBXFileReference; lastKnownFileType = image.png; path = Flag_of_Hong_Kong.png; sourceTree = "<group>"; };
		A516AB4B17168BB400E67F96 /* Flag_of_India.png */ = {isa = PBXFileReference; lastKnownFileType = image.png; path = Flag_of_India.png; sourceTree = "<group>"; };
		A516AB5617168F6500E67F96 /* AVFoundation.framework */ = {isa = PBXFileReference; lastKnownFileType = wrapper.framework; name = AVFoundation.framework; path = System/Library/Frameworks/AVFoundation.framework; sourceTree = SDKROOT; };
		A516AB59171693FB00E67F96 /* ALLog.h */ = {isa = PBXFileReference; fileEncoding = 4; lastKnownFileType = sourcecode.c.h; path = ALLog.h; sourceTree = "<group>"; };
		A516AB5A171693FB00E67F96 /* ALLog.m */ = {isa = PBXFileReference; fileEncoding = 4; lastKnownFileType = sourcecode.c.objc; path = ALLog.m; sourceTree = "<group>"; };
		A516AB5B171693FB00E67F96 /* ALSingleton.h */ = {isa = PBXFileReference; fileEncoding = 4; lastKnownFileType = sourcecode.c.h; path = ALSingleton.h; sourceTree = "<group>"; };
		A516AB5C171693FB00E67F96 /* ALTypes.h */ = {isa = PBXFileReference; fileEncoding = 4; lastKnownFileType = sourcecode.c.h; path = ALTypes.h; sourceTree = "<group>"; };
		A516AB5E171693FB00E67F96 /* NSDate+Apexlearn.h */ = {isa = PBXFileReference; fileEncoding = 4; lastKnownFileType = sourcecode.c.h; path = "NSDate+Apexlearn.h"; sourceTree = "<group>"; };
		A516AB5F171693FB00E67F96 /* NSDate+Apexlearn.m */ = {isa = PBXFileReference; fileEncoding = 4; lastKnownFileType = sourcecode.c.objc; path = "NSDate+Apexlearn.m"; sourceTree = "<group>"; };
		A516AB60171693FB00E67F96 /* NSString+Apexlearn.h */ = {isa = PBXFileReference; fileEncoding = 4; lastKnownFileType = sourcecode.c.h; path = "NSString+Apexlearn.h"; sourceTree = "<group>"; };
		A516AB61171693FB00E67F96 /* NSString+Apexlearn.m */ = {isa = PBXFileReference; fileEncoding = 4; lastKnownFileType = sourcecode.c.objc; path = "NSString+Apexlearn.m"; sourceTree = "<group>"; };
		A516AB62171693FB00E67F96 /* NSURL+Apexlearn.h */ = {isa = PBXFileReference; fileEncoding = 4; lastKnownFileType = sourcecode.c.h; path = "NSURL+Apexlearn.h"; sourceTree = "<group>"; };
		A516AB63171693FB00E67F96 /* NSURL+Apexlearn.m */ = {isa = PBXFileReference; fileEncoding = 4; lastKnownFileType = sourcecode.c.objc; path = "NSURL+Apexlearn.m"; sourceTree = "<group>"; };
		A516AB64171693FB00E67F96 /* UIViewController+ALModal.h */ = {isa = PBXFileReference; fileEncoding = 4; lastKnownFileType = sourcecode.c.h; path = "UIViewController+ALModal.h"; sourceTree = "<group>"; };
		A516AB65171693FB00E67F96 /* UIViewController+ALModal.m */ = {isa = PBXFileReference; fileEncoding = 4; lastKnownFileType = sourcecode.c.objc; path = "UIViewController+ALModal.m"; sourceTree = "<group>"; };
		A516AB6B17169FD200E67F96 /* ItemDetailView.h */ = {isa = PBXFileReference; fileEncoding = 4; lastKnownFileType = sourcecode.c.h; path = ItemDetailView.h; sourceTree = "<group>"; };
		A516AB6C17169FD200E67F96 /* ItemDetailView.m */ = {isa = PBXFileReference; fileEncoding = 4; lastKnownFileType = sourcecode.c.objc; path = ItemDetailView.m; sourceTree = "<group>"; };
		A516AB6E1717B67600E67F96 /* UIImage+ptmini.h */ = {isa = PBXFileReference; fileEncoding = 4; lastKnownFileType = sourcecode.c.h; path = "UIImage+ptmini.h"; sourceTree = "<group>"; };
		A516AB6F1717B67600E67F96 /* UIImage+ptmini.m */ = {isa = PBXFileReference; fileEncoding = 4; lastKnownFileType = sourcecode.c.objc; path = "UIImage+ptmini.m"; sourceTree = "<group>"; };
		A516AB711717CB1E00E67F96 /* OptionView.h */ = {isa = PBXFileReference; fileEncoding = 4; lastKnownFileType = sourcecode.c.h; path = OptionView.h; sourceTree = "<group>"; };
		A516AB721717CB1F00E67F96 /* OptionView.m */ = {isa = PBXFileReference; fileEncoding = 4; lastKnownFileType = sourcecode.c.objc; path = OptionView.m; sourceTree = "<group>"; };
		A516AB741717E55100E67F96 /* StickerView.h */ = {isa = PBXFileReference; fileEncoding = 4; lastKnownFileType = sourcecode.c.h; path = StickerView.h; sourceTree = "<group>"; };
		A516AB751717E55100E67F96 /* StickerView.m */ = {isa = PBXFileReference; fileEncoding = 4; lastKnownFileType = sourcecode.c.objc; path = StickerView.m; sourceTree = "<group>"; };
		A516AB771717E9AD00E67F96 /* StickerViewController.h */ = {isa = PBXFileReference; fileEncoding = 4; lastKnownFileType = sourcecode.c.h; path = StickerViewController.h; sourceTree = "<group>"; };
		A516AB781717E9AD00E67F96 /* StickerViewController.m */ = {isa = PBXFileReference; fileEncoding = 4; lastKnownFileType = sourcecode.c.objc; path = StickerViewController.m; sourceTree = "<group>"; };
		A5B120BE171523250089A27B /* PTMiniDemo.app */ = {isa = PBXFileReference; explicitFileType = wrapper.application; includeInIndex = 0; path = PTMiniDemo.app; sourceTree = BUILT_PRODUCTS_DIR; };
		A5B120C1171523250089A27B /* UIKit.framework */ = {isa = PBXFileReference; lastKnownFileType = wrapper.framework; name = UIKit.framework; path = System/Library/Frameworks/UIKit.framework; sourceTree = SDKROOT; };
		A5B120C3171523250089A27B /* Foundation.framework */ = {isa = PBXFileReference; lastKnownFileType = wrapper.framework; name = Foundation.framework; path = System/Library/Frameworks/Foundation.framework; sourceTree = SDKROOT; };
		A5B120C5171523250089A27B /* CoreGraphics.framework */ = {isa = PBXFileReference; lastKnownFileType = wrapper.framework; name = CoreGraphics.framework; path = System/Library/Frameworks/CoreGraphics.framework; sourceTree = SDKROOT; };
		A5B120C7171523250089A27B /* CoreData.framework */ = {isa = PBXFileReference; lastKnownFileType = wrapper.framework; name = CoreData.framework; path = System/Library/Frameworks/CoreData.framework; sourceTree = SDKROOT; };
		A5B120CB171523250089A27B /* PTMiniDemo-Info.plist */ = {isa = PBXFileReference; lastKnownFileType = text.plist.xml; path = "PTMiniDemo-Info.plist"; sourceTree = "<group>"; };
		A5B120CD171523250089A27B /* en */ = {isa = PBXFileReference; lastKnownFileType = text.plist.strings; name = en; path = en.lproj/InfoPlist.strings; sourceTree = "<group>"; };
		A5B120CF171523250089A27B /* main.m */ = {isa = PBXFileReference; lastKnownFileType = sourcecode.c.objc; path = main.m; sourceTree = "<group>"; };
		A5B120D1171523250089A27B /* PTMiniDemo-Prefix.pch */ = {isa = PBXFileReference; lastKnownFileType = sourcecode.c.h; path = "PTMiniDemo-Prefix.pch"; sourceTree = "<group>"; };
		A5B120D2171523250089A27B /* AppDelegate.h */ = {isa = PBXFileReference; lastKnownFileType = sourcecode.c.h; path = AppDelegate.h; sourceTree = "<group>"; };
		A5B120D3171523250089A27B /* AppDelegate.m */ = {isa = PBXFileReference; lastKnownFileType = sourcecode.c.objc; path = AppDelegate.m; sourceTree = "<group>"; };
		A5B120D5171523250089A27B /* Default.png */ = {isa = PBXFileReference; lastKnownFileType = image.png; path = Default.png; sourceTree = "<group>"; };
		A5B120D7171523250089A27B /* Default@2x.png */ = {isa = PBXFileReference; lastKnownFileType = image.png; path = "Default@2x.png"; sourceTree = "<group>"; };
		A5B120D9171523250089A27B /* Default-568h@2x.png */ = {isa = PBXFileReference; lastKnownFileType = image.png; path = "Default-568h@2x.png"; sourceTree = "<group>"; };
		A5B120DC171523250089A27B /* PTMiniDemo.xcdatamodel */ = {isa = PBXFileReference; lastKnownFileType = wrapper.xcdatamodel; path = PTMiniDemo.xcdatamodel; sourceTree = "<group>"; };
		A5B120E5171524620089A27B /* CatalogViewController.h */ = {isa = PBXFileReference; fileEncoding = 4; lastKnownFileType = sourcecode.c.h; path = CatalogViewController.h; sourceTree = "<group>"; };
		A5B120E6171524620089A27B /* CatalogViewController.m */ = {isa = PBXFileReference; fileEncoding = 4; lastKnownFileType = sourcecode.c.objc; path = CatalogViewController.m; sourceTree = "<group>"; };
		A5B120E8171524B00089A27B /* LineLayout.h */ = {isa = PBXFileReference; fileEncoding = 4; lastKnownFileType = sourcecode.c.h; path = LineLayout.h; sourceTree = "<group>"; };
		A5B120E9171524B00089A27B /* LineLayout.m */ = {isa = PBXFileReference; fileEncoding = 4; lastKnownFileType = sourcecode.c.objc; path = LineLayout.m; sourceTree = "<group>"; };
		A5B120EB171527890089A27B /* CatalogViewCell.h */ = {isa = PBXFileReference; fileEncoding = 4; lastKnownFileType = sourcecode.c.h; path = CatalogViewCell.h; sourceTree = "<group>"; };
		A5B120EC171527890089A27B /* CatalogViewCell.m */ = {isa = PBXFileReference; fileEncoding = 4; lastKnownFileType = sourcecode.c.objc; path = CatalogViewCell.m; sourceTree = "<group>"; };
		A5B120EF17152E0E0089A27B /* UIColor+ptmini.h */ = {isa = PBXFileReference; fileEncoding = 4; lastKnownFileType = sourcecode.c.h; path = "UIColor+ptmini.h"; sourceTree = "<group>"; };
		A5B120F017152E0E0089A27B /* UIColor+ptmini.m */ = {isa = PBXFileReference; fileEncoding = 4; lastKnownFileType = sourcecode.c.objc; path = "UIColor+ptmini.m"; sourceTree = "<group>"; };
		A5B120F417154C970089A27B /* SyncManager.h */ = {isa = PBXFileReference; fileEncoding = 4; lastKnownFileType = sourcecode.c.h; path = SyncManager.h; sourceTree = "<group>"; };
		A5B120F517154C970089A27B /* SyncManager.m */ = {isa = PBXFileReference; fileEncoding = 4; lastKnownFileType = sourcecode.c.objc; path = SyncManager.m; sourceTree = "<group>"; };
		A5B120F717154F700089A27B /* InitialDataSyncManager.h */ = {isa = PBXFileReference; fileEncoding = 4; lastKnownFileType = sourcecode.c.h; path = InitialDataSyncManager.h; sourceTree = "<group>"; };
		A5B120F817154F700089A27B /* InitialDataSyncManager.m */ = {isa = PBXFileReference; fileEncoding = 4; lastKnownFileType = sourcecode.c.objc; path = InitialDataSyncManager.m; sourceTree = "<group>"; };
		A5B120FB171554470089A27B /* logoS.png */ = {isa = PBXFileReference; lastKnownFileType = image.png; path = logoS.png; sourceTree = "<group>"; };
		A5B120FC171554470089A27B /* logoS@2x.png */ = {isa = PBXFileReference; lastKnownFileType = image.png; path = "logoS@2x.png"; sourceTree = "<group>"; };
		A5B120FD171554470089A27B /* navBar.png */ = {isa = PBXFileReference; lastKnownFileType = image.png; path = navBar.png; sourceTree = "<group>"; };
		A5B120FE171554470089A27B /* navBar@2x.png */ = {isa = PBXFileReference; lastKnownFileType = image.png; path = "navBar@2x.png"; sourceTree = "<group>"; };
		A5B1210417155EC40089A27B /* CatalogDefinitions.plist */ = {isa = PBXFileReference; fileEncoding = 4; lastKnownFileType = text.plist.xml; path = CatalogDefinitions.plist; sourceTree = "<group>"; };
		A5B121071715624C0089A27B /* Catalog.h */ = {isa = PBXFileReference; fileEncoding = 4; lastKnownFileType = sourcecode.c.h; path = Catalog.h; sourceTree = "<group>"; };
		A5B121081715624D0089A27B /* Catalog.m */ = {isa = PBXFileReference; fileEncoding = 4; lastKnownFileType = sourcecode.c.objc; path = Catalog.m; sourceTree = "<group>"; };
/* End PBXFileReference section */

/* Begin PBXFrameworksBuildPhase section */
		A5B120BB171523250089A27B /* Frameworks */ = {
			isa = PBXFrameworksBuildPhase;
			buildActionMask = 2147483647;
			files = (
				A516AB5717168F6500E67F96 /* AVFoundation.framework in Frameworks */,
				A5B120C2171523250089A27B /* UIKit.framework in Frameworks */,
				A5B120C4171523250089A27B /* Foundation.framework in Frameworks */,
				A5B120C6171523250089A27B /* CoreGraphics.framework in Frameworks */,
				A5B120C8171523250089A27B /* CoreData.framework in Frameworks */,
			);
			runOnlyForDeploymentPostprocessing = 0;
		};
/* End PBXFrameworksBuildPhase section */

/* Begin PBXGroup section */
		A50912FD171E72D4002972CB /* english-numbers */ = {
			isa = PBXGroup;
			children = (
				A50912FE171E72D4002972CB /* 0.mp3 */,
				A50912FF171E72D4002972CB /* 1.mp3 */,
				A5091300171E72D4002972CB /* 10.mp3 */,
				A5091301171E72D4002972CB /* 11.mp3 */,
				A5091302171E72D4002972CB /* 12.mp3 */,
				A5091303171E72D4002972CB /* 13.mp3 */,
				A5091304171E72D4002972CB /* 14.mp3 */,
				A5091305171E72D4002972CB /* 15.mp3 */,
				A5091306171E72D4002972CB /* 16.mp3 */,
				A5091307171E72D4002972CB /* 17.mp3 */,
				A5091308171E72D4002972CB /* 18.mp3 */,
				A5091309171E72D4002972CB /* 19.mp3 */,
				A509130A171E72D4002972CB /* 2.mp3 */,
				A509130B171E72D4002972CB /* 20.mp3 */,
				A509130C171E72D4002972CB /* 21.mp3 */,
				A509130D171E72D4002972CB /* 22.mp3 */,
				A509130E171E72D4002972CB /* 23.mp3 */,
				A509130F171E72D4002972CB /* 24.mp3 */,
				A5091310171E72D4002972CB /* 25.mp3 */,
				A5091311171E72D4002972CB /* 26.mp3 */,
				A5091312171E72D4002972CB /* 27.mp3 */,
				A5091313171E72D4002972CB /* 28.mp3 */,
				A5091314171E72D4002972CB /* 29.mp3 */,
				A5091315171E72D4002972CB /* 3.mp3 */,
				A5091316171E72D4002972CB /* 30.mp3 */,
				A5091317171E72D4002972CB /* 31.mp3 */,
				A5091318171E72D4002972CB /* 32.mp3 */,
				A5091319171E72D4002972CB /* 33.mp3 */,
				A509131A171E72D4002972CB /* 34.mp3 */,
				A509131B171E72D4002972CB /* 35.mp3 */,
				A509131C171E72D4002972CB /* 36.mp3 */,
				A509131D171E72D4002972CB /* 37.mp3 */,
				A509131E171E72D4002972CB /* 38.mp3 */,
				A509131F171E72D4002972CB /* 39.mp3 */,
				A5091320171E72D4002972CB /* 4.mp3 */,
				A5091321171E72D4002972CB /* 40.mp3 */,
				A5091322171E72D4002972CB /* 41.mp3 */,
				A5091323171E72D4002972CB /* 42.mp3 */,
				A5091324171E72D4002972CB /* 43.mp3 */,
				A5091325171E72D4002972CB /* 44.mp3 */,
				A5091326171E72D4002972CB /* 45.mp3 */,
				A5091327171E72D4002972CB /* 46.mp3 */,
				A5091328171E72D4002972CB /* 47.mp3 */,
				A5091329171E72D4002972CB /* 48.mp3 */,
				A509132A171E72D4002972CB /* 49.mp3 */,
				A509132B171E72D4002972CB /* 5.mp3 */,
				A509132C171E72D4002972CB /* 50.mp3 */,
				A509132D171E72D4002972CB /* 51.mp3 */,
				A509132E171E72D4002972CB /* 52.mp3 */,
				A509132F171E72D4002972CB /* 53.mp3 */,
				A5091330171E72D4002972CB /* 54.mp3 */,
				A5091331171E72D4002972CB /* 55.mp3 */,
				A5091332171E72D4002972CB /* 56.mp3 */,
				A5091333171E72D4002972CB /* 57.mp3 */,
				A5091334171E72D4002972CB /* 58.mp3 */,
				A5091335171E72D4002972CB /* 59.mp3 */,
				A5091336171E72D4002972CB /* 6.mp3 */,
				A5091337171E72D4002972CB /* 60.mp3 */,
				A5091338171E72D4002972CB /* 61.mp3 */,
				A5091339171E72D4002972CB /* 62.mp3 */,
				A509133A171E72D4002972CB /* 63.mp3 */,
				A509133B171E72D4002972CB /* 64.mp3 */,
				A509133C171E72D4002972CB /* 65.mp3 */,
				A509133D171E72D4002972CB /* 66.mp3 */,
				A509133E171E72D4002972CB /* 67.mp3 */,
				A509133F171E72D4002972CB /* 68.mp3 */,
				A5091340171E72D4002972CB /* 69.mp3 */,
				A5091341171E72D4002972CB /* 7.mp3 */,
				A5091342171E72D4002972CB /* 70.mp3 */,
				A5091343171E72D4002972CB /* 71.mp3 */,
				A5091344171E72D4002972CB /* 72.mp3 */,
				A5091345171E72D4002972CB /* 73.mp3 */,
				A5091346171E72D4002972CB /* 74.mp3 */,
				A5091347171E72D4002972CB /* 75.mp3 */,
				A5091348171E72D4002972CB /* 76.mp3 */,
				A5091349171E72D4002972CB /* 77.mp3 */,
				A509134A171E72D4002972CB /* 78.mp3 */,
				A509134B171E72D4002972CB /* 79.mp3 */,
				A509134C171E72D4002972CB /* 8.mp3 */,
				A509134D171E72D4002972CB /* 80.mp3 */,
				A509134E171E72D4002972CB /* 81.mp3 */,
				A509134F171E72D4002972CB /* 82.mp3 */,
				A5091350171E72D4002972CB /* 83.mp3 */,
				A5091351171E72D4002972CB /* 84.mp3 */,
				A5091352171E72D4002972CB /* 85.mp3 */,
				A5091353171E72D4002972CB /* 86.mp3 */,
				A5091354171E72D4002972CB /* 87.mp3 */,
				A5091355171E72D4002972CB /* 88.mp3 */,
				A5091356171E72D4002972CB /* 89.mp3 */,
				A5091357171E72D4002972CB /* 9.mp3 */,
				A5091358171E72D4002972CB /* 90.mp3 */,
				A5091359171E72D4002972CB /* 91.mp3 */,
				A509135A171E72D4002972CB /* 92.mp3 */,
				A509135B171E72D4002972CB /* 93.mp3 */,
				A509135C171E72D4002972CB /* 94.mp3 */,
				A509135D171E72D4002972CB /* 95.mp3 */,
				A509135E171E72D4002972CB /* 96.mp3 */,
				A509135F171E72D4002972CB /* 97.mp3 */,
				A5091360171E72D4002972CB /* 98.mp3 */,
				A5091361171E72D4002972CB /* 99.mp3 */,
			);
			path = "english-numbers";
			sourceTree = "<group>";
		};
		A516AB3D1716868400E67F96 /* Study */ = {
			isa = PBXGroup;
			children = (
				A516AB3E1716878100E67F96 /* StudyViewController.h */,
				A516AB3F1716878100E67F96 /* StudyViewController.m */,
				A516AB6B17169FD200E67F96 /* ItemDetailView.h */,
				A516AB6C17169FD200E67F96 /* ItemDetailView.m */,
				A516AB711717CB1E00E67F96 /* OptionView.h */,
				A516AB721717CB1F00E67F96 /* OptionView.m */,
				A516AB771717E9AD00E67F96 /* StickerViewController.h */,
				A516AB781717E9AD00E67F96 /* StickerViewController.m */,
				A516AB741717E55100E67F96 /* StickerView.h */,
				A516AB751717E55100E67F96 /* StickerView.m */,
				A50913C6171E8845002972CB /* BubbleViewController.h */,
				A50913C7171E8846002972CB /* BubbleViewController.m */,
				A50913C9171E885E002972CB /* BubbleView.h */,
				A50913CA171E885E002972CB /* BubbleView.m */,
			);
			path = Study;
			sourceTree = "<group>";
		};
		A516AB4117168BB400E67F96 /* flags */ = {
			isa = PBXGroup;
			children = (
				A516AB4217168BB400E67F96 /* Flag_of_Argentina.png */,
				A516AB4317168BB400E67F96 /* Flag_of_Australia.png */,
				A516AB4417168BB400E67F96 /* Flag_of_Brazil.png */,
				A516AB4517168BB400E67F96 /* Flag_of_Canada.png */,
				A516AB4617168BB400E67F96 /* Flag_of_Denmark.png */,
				A516AB4717168BB400E67F96 /* Flag_of_Finland.png */,
				A516AB4817168BB400E67F96 /* Flag_of_France.png */,
				A516AB4917168BB400E67F96 /* Flag_of_Greece.png */,
				A516AB4A17168BB400E67F96 /* Flag_of_Hong_Kong.png */,
				A516AB4B17168BB400E67F96 /* Flag_of_India.png */,
			);
			path = flags;
			sourceTree = "<group>";
		};
		A516AB58171693FB00E67F96 /* AL Library */ = {
			isa = PBXGroup;
			children = (
				A516AB59171693FB00E67F96 /* ALLog.h */,
				A516AB5A171693FB00E67F96 /* ALLog.m */,
				A516AB5B171693FB00E67F96 /* ALSingleton.h */,
				A516AB5C171693FB00E67F96 /* ALTypes.h */,
				A516AB5D171693FB00E67F96 /* Categories */,
			);
			path = "AL Library";
			sourceTree = "<group>";
		};
		A516AB5D171693FB00E67F96 /* Categories */ = {
			isa = PBXGroup;
			children = (
				A516AB5E171693FB00E67F96 /* NSDate+Apexlearn.h */,
				A516AB5F171693FB00E67F96 /* NSDate+Apexlearn.m */,
				A516AB60171693FB00E67F96 /* NSString+Apexlearn.h */,
				A516AB61171693FB00E67F96 /* NSString+Apexlearn.m */,
				A516AB62171693FB00E67F96 /* NSURL+Apexlearn.h */,
				A516AB63171693FB00E67F96 /* NSURL+Apexlearn.m */,
				A516AB64171693FB00E67F96 /* UIViewController+ALModal.h */,
				A516AB65171693FB00E67F96 /* UIViewController+ALModal.m */,
				A50912F8171C5249002972CB /* NSMutableArray+Apexlearn.h */,
				A50912F9171C5249002972CB /* NSMutableArray+Apexlearn.m */,
			);
			path = Categories;
			sourceTree = "<group>";
		};
		A5B120B5171523250089A27B = {
			isa = PBXGroup;
			children = (
				A5B120C9171523250089A27B /* PTMiniDemo */,
				A5B120BF171523250089A27B /* Products */,
			);
			sourceTree = "<group>";
		};
		A5B120BF171523250089A27B /* Products */ = {
			isa = PBXGroup;
			children = (
				A5B120BE171523250089A27B /* PTMiniDemo.app */,
			);
			name = Products;
			sourceTree = "<group>";
		};
		A5B120C0171523250089A27B /* Frameworks */ = {
			isa = PBXGroup;
			children = (
				A516AB5617168F6500E67F96 /* AVFoundation.framework */,
				A5B120C1171523250089A27B /* UIKit.framework */,
				A5B120C3171523250089A27B /* Foundation.framework */,
				A5B120C5171523250089A27B /* CoreGraphics.framework */,
				A5B120C7171523250089A27B /* CoreData.framework */,
			);
			name = Frameworks;
			path = ..;
			sourceTree = "<group>";
		};
		A5B120C9171523250089A27B /* PTMiniDemo */ = {
			isa = PBXGroup;
			children = (
				A516AB58171693FB00E67F96 /* AL Library */,
				A5B120C0171523250089A27B /* Frameworks */,
				A5B12106171561550089A27B /* Model */,
				A5B1210317155E830089A27B /* Config Files */,
				A5B120FA171554470089A27B /* Media */,
				A5B120F317154BF20089A27B /* SyncManagers */,
				A5B120E3171524080089A27B /* UI */,
				A5B120D2171523250089A27B /* AppDelegate.h */,
				A5B120D3171523250089A27B /* AppDelegate.m */,
				A5B120DB171523250089A27B /* PTMiniDemo.xcdatamodeld */,
				A5B120CA171523250089A27B /* Supporting Files */,
			);
			path = PTMiniDemo;
			sourceTree = "<group>";
		};
		A5B120CA171523250089A27B /* Supporting Files */ = {
			isa = PBXGroup;
			children = (
				A5B120CB171523250089A27B /* PTMiniDemo-Info.plist */,
				A5B120CC171523250089A27B /* InfoPlist.strings */,
				A5B120CF171523250089A27B /* main.m */,
				A5B120D1171523250089A27B /* PTMiniDemo-Prefix.pch */,
				A5B120D5171523250089A27B /* Default.png */,
				A5B120D7171523250089A27B /* Default@2x.png */,
				A5B120D9171523250089A27B /* Default-568h@2x.png */,
			);
			name = "Supporting Files";
			sourceTree = "<group>";
		};
		A5B120E3171524080089A27B /* UI */ = {
			isa = PBXGroup;
			children = (
				A516AB3D1716868400E67F96 /* Study */,
				A5B120EE17152DAE0089A27B /* Categories */,
				A5B120E4171524330089A27B /* Catalog */,
			);
			path = UI;
			sourceTree = "<group>";
		};
		A5B120E4171524330089A27B /* Catalog */ = {
			isa = PBXGroup;
			children = (
				A5B120E5171524620089A27B /* CatalogViewController.h */,
				A5B120E6171524620089A27B /* CatalogViewController.m */,
				A5B120E8171524B00089A27B /* LineLayout.h */,
				A5B120E9171524B00089A27B /* LineLayout.m */,
				A5B120EB171527890089A27B /* CatalogViewCell.h */,
				A5B120EC171527890089A27B /* CatalogViewCell.m */,
			);
			path = Catalog;
			sourceTree = "<group>";
		};
		A5B120EE17152DAE0089A27B /* Categories */ = {
			isa = PBXGroup;
			children = (
				A5B120EF17152E0E0089A27B /* UIColor+ptmini.h */,
				A5B120F017152E0E0089A27B /* UIColor+ptmini.m */,
				A516AB6E1717B67600E67F96 /* UIImage+ptmini.h */,
				A516AB6F1717B67600E67F96 /* UIImage+ptmini.m */,
			);
			path = Categories;
			sourceTree = "<group>";
		};
		A5B120F317154BF20089A27B /* SyncManagers */ = {
			isa = PBXGroup;
			children = (
				A5B120F417154C970089A27B /* SyncManager.h */,
				A5B120F517154C970089A27B /* SyncManager.m */,
				A5B120F717154F700089A27B /* InitialDataSyncManager.h */,
				A5B120F817154F700089A27B /* InitialDataSyncManager.m */,
			);
			path = SyncManagers;
			sourceTree = "<group>";
		};
		A5B120FA171554470089A27B /* Media */ = {
			isa = PBXGroup;
			children = (
				A50912FD171E72D4002972CB /* english-numbers */,
				A516AB4117168BB400E67F96 /* flags */,
				A5B120FB171554470089A27B /* logoS.png */,
				A5B120FC171554470089A27B /* logoS@2x.png */,
				A5B120FD171554470089A27B /* navBar.png */,
				A5B120FE171554470089A27B /* navBar@2x.png */,
			);
			path = Media;
			sourceTree = "<group>";
		};
		A5B1210317155E830089A27B /* Config Files */ = {
			isa = PBXGroup;
			children = (
				A5B1210417155EC40089A27B /* CatalogDefinitions.plist */,
				A516AB371716648900E67F96 /* FlagDefinitions.plist */,
				A50912FB171E7015002972CB /* NumberDefinitions.plist */,
			);
			path = "Config Files";
			sourceTree = "<group>";
		};
		A5B12106171561550089A27B /* Model */ = {
			isa = PBXGroup;
			children = (
				A5B121071715624C0089A27B /* Catalog.h */,
				A5B121081715624D0089A27B /* Catalog.m */,
				A516AB3A1716803200E67F96 /* Item.h */,
				A516AB3B1716803200E67F96 /* Item.m */,
			);
			path = Model;
			sourceTree = "<group>";
		};
/* End PBXGroup section */

/* Begin PBXNativeTarget section */
		A5B120BD171523250089A27B /* PTMiniDemo */ = {
			isa = PBXNativeTarget;
			buildConfigurationList = A5B120E0171523250089A27B /* Build configuration list for PBXNativeTarget "PTMiniDemo" */;
			buildPhases = (
				A5B120BA171523250089A27B /* Sources */,
				A5B120BB171523250089A27B /* Frameworks */,
				A5B120BC171523250089A27B /* Resources */,
			);
			buildRules = (
			);
			dependencies = (
			);
			name = PTMiniDemo;
			productName = PTMiniDemo;
			productReference = A5B120BE171523250089A27B /* PTMiniDemo.app */;
			productType = "com.apple.product-type.application";
		};
/* End PBXNativeTarget section */

/* Begin PBXProject section */
		A5B120B6171523250089A27B /* Project object */ = {
			isa = PBXProject;
			attributes = {
				LastUpgradeCheck = 0460;
				ORGANIZATIONNAME = "Apexlearn Inc.";
			};
			buildConfigurationList = A5B120B9171523250089A27B /* Build configuration list for PBXProject "PTMiniDemo" */;
			compatibilityVersion = "Xcode 3.2";
			developmentRegion = English;
			hasScannedForEncodings = 0;
			knownRegions = (
				en,
			);
			mainGroup = A5B120B5171523250089A27B;
			productRefGroup = A5B120BF171523250089A27B /* Products */;
			projectDirPath = "";
			projectRoot = "";
			targets = (
				A5B120BD171523250089A27B /* PTMiniDemo */,
			);
		};
/* End PBXProject section */

/* Begin PBXResourcesBuildPhase section */
		A5B120BC171523250089A27B /* Resources */ = {
			isa = PBXResourcesBuildPhase;
			buildActionMask = 2147483647;
			files = (
				A5B120CE171523250089A27B /* InfoPlist.strings in Resources */,
				A5B120D6171523250089A27B /* Default.png in Resources */,
				A5B120D8171523250089A27B /* Default@2x.png in Resources */,
				A5B120DA171523250089A27B /* Default-568h@2x.png in Resources */,
				A5B120FF171554470089A27B /* logoS.png in Resources */,
				A5B12100171554470089A27B /* logoS@2x.png in Resources */,
				A5B12101171554470089A27B /* navBar.png in Resources */,
				A5B12102171554470089A27B /* navBar@2x.png in Resources */,
				A5B1210517155EC40089A27B /* CatalogDefinitions.plist in Resources */,
				A516AB381716648900E67F96 /* FlagDefinitions.plist in Resources */,
				A516AB4C17168BB400E67F96 /* Flag_of_Argentina.png in Resources */,
				A516AB4D17168BB400E67F96 /* Flag_of_Australia.png in Resources */,
				A516AB4E17168BB400E67F96 /* Flag_of_Brazil.png in Resources */,
				A516AB4F17168BB400E67F96 /* Flag_of_Canada.png in Resources */,
				A516AB5017168BB400E67F96 /* Flag_of_Denmark.png in Resources */,
				A516AB5117168BB400E67F96 /* Flag_of_Finland.png in Resources */,
				A516AB5217168BB400E67F96 /* Flag_of_France.png in Resources */,
				A516AB5317168BB400E67F96 /* Flag_of_Greece.png in Resources */,
				A516AB5417168BB400E67F96 /* Flag_of_Hong_Kong.png in Resources */,
				A516AB5517168BB400E67F96 /* Flag_of_India.png in Resources */,
				A50912FC171E7015002972CB /* NumberDefinitions.plist in Resources */,
				A5091362171E72D4002972CB /* 0.mp3 in Resources */,
				A5091363171E72D4002972CB /* 1.mp3 in Resources */,
				A5091364171E72D4002972CB /* 10.mp3 in Resources */,
				A5091365171E72D4002972CB /* 11.mp3 in Resources */,
				A5091366171E72D4002972CB /* 12.mp3 in Resources */,
				A5091367171E72D4002972CB /* 13.mp3 in Resources */,
				A5091368171E72D4002972CB /* 14.mp3 in Resources */,
				A5091369171E72D4002972CB /* 15.mp3 in Resources */,
				A509136A171E72D4002972CB /* 16.mp3 in Resources */,
				A509136B171E72D4002972CB /* 17.mp3 in Resources */,
				A509136C171E72D4002972CB /* 18.mp3 in Resources */,
				A509136D171E72D4002972CB /* 19.mp3 in Resources */,
				A509136E171E72D4002972CB /* 2.mp3 in Resources */,
				A509136F171E72D4002972CB /* 20.mp3 in Resources */,
				A5091370171E72D4002972CB /* 21.mp3 in Resources */,
				A5091371171E72D4002972CB /* 22.mp3 in Resources */,
				A5091372171E72D4002972CB /* 23.mp3 in Resources */,
				A5091373171E72D4002972CB /* 24.mp3 in Resources */,
				A5091374171E72D4002972CB /* 25.mp3 in Resources */,
				A5091375171E72D4002972CB /* 26.mp3 in Resources */,
				A5091376171E72D4002972CB /* 27.mp3 in Resources */,
				A5091377171E72D4002972CB /* 28.mp3 in Resources */,
				A5091378171E72D4002972CB /* 29.mp3 in Resources */,
				A5091379171E72D4002972CB /* 3.mp3 in Resources */,
				A509137A171E72D4002972CB /* 30.mp3 in Resources */,
				A509137B171E72D4002972CB /* 31.mp3 in Resources */,
				A509137C171E72D4002972CB /* 32.mp3 in Resources */,
				A509137D171E72D4002972CB /* 33.mp3 in Resources */,
				A509137E171E72D4002972CB /* 34.mp3 in Resources */,
				A509137F171E72D4002972CB /* 35.mp3 in Resources */,
				A5091380171E72D4002972CB /* 36.mp3 in Resources */,
				A5091381171E72D4002972CB /* 37.mp3 in Resources */,
				A5091382171E72D4002972CB /* 38.mp3 in Resources */,
				A5091383171E72D4002972CB /* 39.mp3 in Resources */,
				A5091384171E72D4002972CB /* 4.mp3 in Resources */,
				A5091385171E72D4002972CB /* 40.mp3 in Resources */,
				A5091386171E72D4002972CB /* 41.mp3 in Resources */,
				A5091387171E72D4002972CB /* 42.mp3 in Resources */,
				A5091388171E72D4002972CB /* 43.mp3 in Resources */,
				A5091389171E72D4002972CB /* 44.mp3 in Resources */,
				A509138A171E72D4002972CB /* 45.mp3 in Resources */,
				A509138B171E72D4002972CB /* 46.mp3 in Resources */,
				A509138C171E72D4002972CB /* 47.mp3 in Resources */,
				A509138D171E72D4002972CB /* 48.mp3 in Resources */,
				A509138E171E72D4002972CB /* 49.mp3 in Resources */,
				A509138F171E72D4002972CB /* 5.mp3 in Resources */,
				A5091390171E72D4002972CB /* 50.mp3 in Resources */,
				A5091391171E72D4002972CB /* 51.mp3 in Resources */,
				A5091392171E72D4002972CB /* 52.mp3 in Resources */,
				A5091393171E72D4002972CB /* 53.mp3 in Resources */,
				A5091394171E72D4002972CB /* 54.mp3 in Resources */,
				A5091395171E72D4002972CB /* 55.mp3 in Resources */,
				A5091396171E72D4002972CB /* 56.mp3 in Resources */,
				A5091397171E72D4002972CB /* 57.mp3 in Resources */,
				A5091398171E72D4002972CB /* 58.mp3 in Resources */,
				A5091399171E72D4002972CB /* 59.mp3 in Resources */,
				A509139A171E72D4002972CB /* 6.mp3 in Resources */,
				A509139B171E72D4002972CB /* 60.mp3 in Resources */,
				A509139C171E72D4002972CB /* 61.mp3 in Resources */,
				A509139D171E72D4002972CB /* 62.mp3 in Resources */,
				A509139E171E72D4002972CB /* 63.mp3 in Resources */,
				A509139F171E72D4002972CB /* 64.mp3 in Resources */,
				A50913A0171E72D4002972CB /* 65.mp3 in Resources */,
				A50913A1171E72D4002972CB /* 66.mp3 in Resources */,
				A50913A2171E72D4002972CB /* 67.mp3 in Resources */,
				A50913A3171E72D4002972CB /* 68.mp3 in Resources */,
				A50913A4171E72D4002972CB /* 69.mp3 in Resources */,
				A50913A5171E72D4002972CB /* 7.mp3 in Resources */,
				A50913A6171E72D4002972CB /* 70.mp3 in Resources */,
				A50913A7171E72D4002972CB /* 71.mp3 in Resources */,
				A50913A8171E72D4002972CB /* 72.mp3 in Resources */,
				A50913A9171E72D4002972CB /* 73.mp3 in Resources */,
				A50913AA171E72D4002972CB /* 74.mp3 in Resources */,
				A50913AB171E72D4002972CB /* 75.mp3 in Resources */,
				A50913AC171E72D4002972CB /* 76.mp3 in Resources */,
				A50913AD171E72D4002972CB /* 77.mp3 in Resources */,
				A50913AE171E72D4002972CB /* 78.mp3 in Resources */,
				A50913AF171E72D4002972CB /* 79.mp3 in Resources */,
				A50913B0171E72D4002972CB /* 8.mp3 in Resources */,
				A50913B1171E72D4002972CB /* 80.mp3 in Resources */,
				A50913B2171E72D4002972CB /* 81.mp3 in Resources */,
				A50913B3171E72D4002972CB /* 82.mp3 in Resources */,
				A50913B4171E72D4002972CB /* 83.mp3 in Resources */,
				A50913B5171E72D4002972CB /* 84.mp3 in Resources */,
				A50913B6171E72D4002972CB /* 85.mp3 in Resources */,
				A50913B7171E72D4002972CB /* 86.mp3 in Resources */,
				A50913B8171E72D4002972CB /* 87.mp3 in Resources */,
				A50913B9171E72D4002972CB /* 88.mp3 in Resources */,
				A50913BA171E72D4002972CB /* 89.mp3 in Resources */,
				A50913BB171E72D4002972CB /* 9.mp3 in Resources */,
				A50913BC171E72D4002972CB /* 90.mp3 in Resources */,
				A50913BD171E72D4002972CB /* 91.mp3 in Resources */,
				A50913BE171E72D4002972CB /* 92.mp3 in Resources */,
				A50913BF171E72D4002972CB /* 93.mp3 in Resources */,
				A50913C0171E72D4002972CB /* 94.mp3 in Resources */,
				A50913C1171E72D4002972CB /* 95.mp3 in Resources */,
				A50913C2171E72D4002972CB /* 96.mp3 in Resources */,
				A50913C3171E72D4002972CB /* 97.mp3 in Resources */,
				A50913C4171E72D4002972CB /* 98.mp3 in Resources */,
				A50913C5171E72D4002972CB /* 99.mp3 in Resources */,
			);
			runOnlyForDeploymentPostprocessing = 0;
		};
/* End PBXResourcesBuildPhase section */

/* Begin PBXSourcesBuildPhase section */
		A5B120BA171523250089A27B /* Sources */ = {
			isa = PBXSourcesBuildPhase;
			buildActionMask = 2147483647;
			files = (
				A5B120D0171523250089A27B /* main.m in Sources */,
				A5B120D4171523250089A27B /* AppDelegate.m in Sources */,
				A5B120DD171523250089A27B /* PTMiniDemo.xcdatamodeld in Sources */,
				A5B120E7171524620089A27B /* CatalogViewController.m in Sources */,
				A5B120EA171524B00089A27B /* LineLayout.m in Sources */,
				A5B120ED171527890089A27B /* CatalogViewCell.m in Sources */,
				A5B120F117152E0E0089A27B /* UIColor+ptmini.m in Sources */,
				A5B120F617154C970089A27B /* SyncManager.m in Sources */,
				A5B120F917154F700089A27B /* InitialDataSyncManager.m in Sources */,
				A5B121091715624E0089A27B /* Catalog.m in Sources */,
				A516AB3C1716803200E67F96 /* Item.m in Sources */,
				A516AB401716878100E67F96 /* StudyViewController.m in Sources */,
				A516AB66171693FB00E67F96 /* ALLog.m in Sources */,
				A516AB67171693FB00E67F96 /* NSDate+Apexlearn.m in Sources */,
				A516AB68171693FB00E67F96 /* NSString+Apexlearn.m in Sources */,
				A516AB69171693FB00E67F96 /* NSURL+Apexlearn.m in Sources */,
				A516AB6A171693FB00E67F96 /* UIViewController+ALModal.m in Sources */,
				A516AB6D17169FD200E67F96 /* ItemDetailView.m in Sources */,
				A516AB701717B67600E67F96 /* UIImage+ptmini.m in Sources */,
				A516AB731717CB1F00E67F96 /* OptionView.m in Sources */,
				A516AB761717E55200E67F96 /* StickerView.m in Sources */,
				A516AB791717E9AE00E67F96 /* StickerViewController.m in Sources */,
				A50912FA171C5249002972CB /* NSMutableArray+Apexlearn.m in Sources */,
				A50913C8171E8846002972CB /* BubbleViewController.m in Sources */,
				A50913CB171E885F002972CB /* BubbleView.m in Sources */,
			);
			runOnlyForDeploymentPostprocessing = 0;
		};
/* End PBXSourcesBuildPhase section */

/* Begin PBXVariantGroup section */
		A5B120CC171523250089A27B /* InfoPlist.strings */ = {
			isa = PBXVariantGroup;
			children = (
				A5B120CD171523250089A27B /* en */,
			);
			name = InfoPlist.strings;
			sourceTree = "<group>";
		};
/* End PBXVariantGroup section */

/* Begin XCBuildConfiguration section */
		A5B120DE171523250089A27B /* Debug */ = {
			isa = XCBuildConfiguration;
			buildSettings = {
				ALWAYS_SEARCH_USER_PATHS = NO;
				CLANG_CXX_LANGUAGE_STANDARD = "gnu++0x";
				CLANG_CXX_LIBRARY = "libc++";
				CLANG_ENABLE_OBJC_ARC = YES;
				CLANG_WARN_CONSTANT_CONVERSION = YES;
				CLANG_WARN_EMPTY_BODY = YES;
				CLANG_WARN_ENUM_CONVERSION = YES;
				CLANG_WARN_INT_CONVERSION = YES;
				CLANG_WARN__DUPLICATE_METHOD_MATCH = YES;
				CODE_SIGN_IDENTITY = "iPhone Developer: Yun Long (WUE62G89X9)";
				"CODE_SIGN_IDENTITY[sdk=iphoneos*]" = "iPhone Developer: Yun Long (WUE62G89X9)";
				COPY_PHASE_STRIP = NO;
				GCC_C_LANGUAGE_STANDARD = gnu99;
				GCC_DYNAMIC_NO_PIC = NO;
				GCC_OPTIMIZATION_LEVEL = 0;
				GCC_PREPROCESSOR_DEFINITIONS = (
					"DEBUG=1",
					"$(inherited)",
				);
				GCC_SYMBOLS_PRIVATE_EXTERN = NO;
				GCC_WARN_ABOUT_RETURN_TYPE = YES;
				GCC_WARN_UNINITIALIZED_AUTOS = YES;
				GCC_WARN_UNUSED_VARIABLE = YES;
				IPHONEOS_DEPLOYMENT_TARGET = 6.0;
				ONLY_ACTIVE_ARCH = YES;
				PROVISIONING_PROFILE = "257367A0-A1BF-4ABA-897A-713F32796853";
				"PROVISIONING_PROFILE[sdk=iphoneos*]" = "257367A0-A1BF-4ABA-897A-713F32796853";
				SDKROOT = iphoneos;
			};
			name = Debug;
		};
		A5B120DF171523250089A27B /* Release */ = {
			isa = XCBuildConfiguration;
			buildSettings = {
				ALWAYS_SEARCH_USER_PATHS = NO;
				CLANG_CXX_LANGUAGE_STANDARD = "gnu++0x";
				CLANG_CXX_LIBRARY = "libc++";
				CLANG_ENABLE_OBJC_ARC = YES;
				CLANG_WARN_CONSTANT_CONVERSION = YES;
				CLANG_WARN_EMPTY_BODY = YES;
				CLANG_WARN_ENUM_CONVERSION = YES;
				CLANG_WARN_INT_CONVERSION = YES;
				CLANG_WARN__DUPLICATE_METHOD_MATCH = YES;
				"CODE_SIGN_IDENTITY[sdk=iphoneos*]" = "iPhone Developer";
				COPY_PHASE_STRIP = YES;
				GCC_C_LANGUAGE_STANDARD = gnu99;
				GCC_WARN_ABOUT_RETURN_TYPE = YES;
				GCC_WARN_UNINITIALIZED_AUTOS = YES;
				GCC_WARN_UNUSED_VARIABLE = YES;
				IPHONEOS_DEPLOYMENT_TARGET = 6.0;
				OTHER_CFLAGS = "-DNS_BLOCK_ASSERTIONS=1";
				SDKROOT = iphoneos;
				VALIDATE_PRODUCT = YES;
			};
			name = Release;
		};
		A5B120E1171523250089A27B /* Debug */ = {
			isa = XCBuildConfiguration;
			buildSettings = {
				GCC_PRECOMPILE_PREFIX_HEADER = YES;
				GCC_PREFIX_HEADER = "PTMiniDemo/PTMiniDemo-Prefix.pch";
				INFOPLIST_FILE = "PTMiniDemo/PTMiniDemo-Info.plist";
				PRODUCT_NAME = "$(TARGET_NAME)";
				WRAPPER_EXTENSION = app;
			};
			name = Debug;
		};
		A5B120E2171523250089A27B /* Release */ = {
			isa = XCBuildConfiguration;
			buildSettings = {
				GCC_PRECOMPILE_PREFIX_HEADER = YES;
				GCC_PREFIX_HEADER = "PTMiniDemo/PTMiniDemo-Prefix.pch";
				INFOPLIST_FILE = "PTMiniDemo/PTMiniDemo-Info.plist";
				PRODUCT_NAME = "$(TARGET_NAME)";
				WRAPPER_EXTENSION = app;
			};
			name = Release;
		};
/* End XCBuildConfiguration section */

/* Begin XCConfigurationList section */
		A5B120B9171523250089A27B /* Build configuration list for PBXProject "PTMiniDemo" */ = {
			isa = XCConfigurationList;
			buildConfigurations = (
				A5B120DE171523250089A27B /* Debug */,
				A5B120DF171523250089A27B /* Release */,
			);
			defaultConfigurationIsVisible = 0;
			defaultConfigurationName = Release;
		};
		A5B120E0171523250089A27B /* Build configuration list for PBXNativeTarget "PTMiniDemo" */ = {
			isa = XCConfigurationList;
			buildConfigurations = (
				A5B120E1171523250089A27B /* Debug */,
				A5B120E2171523250089A27B /* Release */,
			);
			defaultConfigurationIsVisible = 0;
			defaultConfigurationName = Release;
		};
/* End XCConfigurationList section */

/* Begin XCVersionGroup section */
		A5B120DB171523250089A27B /* PTMiniDemo.xcdatamodeld */ = {
			isa = XCVersionGroup;
			children = (
				A516AB3917167C7300E67F96 /* PTMiniDemo-v1.xcdatamodel */,
				A5B120DC171523250089A27B /* PTMiniDemo.xcdatamodel */,
			);
			currentVersion = A516AB3917167C7300E67F96 /* PTMiniDemo-v1.xcdatamodel */;
			path = PTMiniDemo.xcdatamodeld;
			sourceTree = "<group>";
			versionGroupType = wrapper.xcdatamodel;
		};
/* End XCVersionGroup section */
	};
	rootObject = A5B120B6171523250089A27B /* Project object */;
}
